
Microsoft Visual Studio Solution File, Format Version 12.00
# Visual Studio 2013
VisualStudioVersion = 12.0.21005.1
MinimumVisualStudioVersion = 10.0.40219.1
Project("{FAE04EC0-301F-11D3-BF4B-00C04F79EFBC}") = "SportsStore.Domain", "SportsStore.Domain\SportsStore.Domain.csproj", "{8C56AD1B-9FE3-43B1-A588-517B240402DF}"
EndProject
Project("{FAE04EC0-301F-11D3-BF4B-00C04F79EFBC}") = "SportsStore.UnitTests", "SportsStore.UnitTests\SportsStore.UnitTests.csproj", "{8E05CDF1-57DB-44AB-AC0C-41BFD0F756D6}"
EndProject
Project("{FAE04EC0-301F-11D3-BF4B-00C04F79EFBC}") = "SportsStore.WebUI", "SportsStore.WebUI\SportsStore.WebUI.csproj", "{31774B42-40F5-4EF0-8C02-A5A189E2FDAA}"
EndProject
Global
	GlobalSection(SolutionConfigurationPlatforms) = preSolution
		Debug|Any CPU = Debug|Any CPU
		Release|Any CPU = Release|Any CPU
	EndGlobalSection
	GlobalSection(ProjectConfigurationPlatforms) = postSolution
		{8C56AD1B-9FE3-43B1-A588-517B240402DF}.Debug|Any CPU.ActiveCfg = Debug|Any CPU
		{8C56AD1B-9FE3-43B1-A588-517B240402DF}.Debug|Any CPU.Build.0 = Debug|Any CPU
		{8C56AD1B-9FE3-43B1-A588-517B240402DF}.Release|Any CPU.ActiveCfg = Release|Any CPU
		{8C56AD1B-9FE3-43B1-A588-517B240402DF}.Release|Any CPU.Build.0 = Release|Any CPU
		{8E05CDF1-57DB-44AB-AC0C-41BFD0F756D6}.Debug|Any CPU.ActiveCfg = Debug|Any CPU
		{8E05CDF1-57DB-44AB-AC0C-41BFD0F756D6}.Debug|Any CPU.Build.0 = Debug|Any CPU
		{8E05CDF1-57DB-44AB-AC0C-41BFD0F756D6}.Release|Any CPU.ActiveCfg = Release|Any CPU
		{8E05CDF1-57DB-44AB-AC0C-41BFD0F756D6}.Release|Any CPU.Build.0 = Release|Any CPU
		{31774B42-40F5-4EF0-8C02-A5A189E2FDAA}.Debug|Any CPU.ActiveCfg = Debug|Any CPU
		{31774B42-40F5-4EF0-8C02-A5A189E2FDAA}.Debug|Any CPU.Build.0 = Debug|Any CPU
		{31774B42-40F5-4EF0-8C02-A5A189E2FDAA}.Release|Any CPU.ActiveCfg = Release|Any CPU
		{31774B42-40F5-4EF0-8C02-A5A189E2FDAA}.Release|Any CPU.Build.0 = Release|Any CPU
	EndGlobalSection
	GlobalSection(SolutionProperties) = preSolution
		HideSolutionNode = FALSE
	EndGlobalSection
EndGlobal
